
Microsoft Visual Studio Solution File, Format Version 12.00
# Visual Studio Version 17
VisualStudioVersion = 17.10.35013.160
MinimumVisualStudioVersion = 10.0.40219.1
Project("{9A19103F-16F7-4668-BE54-9A1E7A4F7556}") = "Lidas.MangaApi", "Lidas.MangaApi\Lidas.MangaApi.csproj", "{D2934B17-F97E-4470-B9F6-B6F121211663}"
EndProject
Project("{9A19103F-16F7-4668-BE54-9A1E7A4F7556}") = "Lidas.UserApi", "Lidas.UserApi\Lidas.UserApi.csproj", "{65A23281-98DE-437F-AD20-C4B9AE648D6E}"
EndProject
Project("{2150E333-8FDC-42A3-9474-1A3956D46DE8}") = "Itens de Solução", "Itens de Solução", "{002057AA-2000-4570-A0A6-01C946F21FBE}"
	ProjectSection(SolutionItems) = preProject
		compose.yaml = compose.yaml
	EndProjectSection
EndProject
Project("{FAE04EC0-301F-11D3-BF4B-00C04F79EFBC}") = "Lidas.GatewayApi", "Lidas.GatewayApi\Lidas.GatewayApi.csproj", "{4E15BEF3-829D-4F0B-97C2-F2967FB16217}"
EndProject
Project("{FAE04EC0-301F-11D3-BF4B-00C04F79EFBC}") = "Lidas.WishlistApi", "Lidas.WishlistApi\Lidas.WishlistApi.csproj", "{875D2843-175A-4A19-B3E0-70183CFF3119}"
EndProject
Global
	GlobalSection(SolutionConfigurationPlatforms) = preSolution
		Debug|Any CPU = Debug|Any CPU
		Release|Any CPU = Release|Any CPU
	EndGlobalSection
	GlobalSection(ProjectConfigurationPlatforms) = postSolution
		{D2934B17-F97E-4470-B9F6-B6F121211663}.Debug|Any CPU.ActiveCfg = Debug|Any CPU
		{D2934B17-F97E-4470-B9F6-B6F121211663}.Debug|Any CPU.Build.0 = Debug|Any CPU
		{D2934B17-F97E-4470-B9F6-B6F121211663}.Release|Any CPU.ActiveCfg = Release|Any CPU
		{D2934B17-F97E-4470-B9F6-B6F121211663}.Release|Any CPU.Build.0 = Release|Any CPU
		{65A23281-98DE-437F-AD20-C4B9AE648D6E}.Debug|Any CPU.ActiveCfg = Debug|Any CPU
		{65A23281-98DE-437F-AD20-C4B9AE648D6E}.Debug|Any CPU.Build.0 = Debug|Any CPU
		{65A23281-98DE-437F-AD20-C4B9AE648D6E}.Release|Any CPU.ActiveCfg = Release|Any CPU
		{65A23281-98DE-437F-AD20-C4B9AE648D6E}.Release|Any CPU.Build.0 = Release|Any CPU
		{4E15BEF3-829D-4F0B-97C2-F2967FB16217}.Debug|Any CPU.ActiveCfg = Debug|Any CPU
		{4E15BEF3-829D-4F0B-97C2-F2967FB16217}.Debug|Any CPU.Build.0 = Debug|Any CPU
		{4E15BEF3-829D-4F0B-97C2-F2967FB16217}.Release|Any CPU.ActiveCfg = Release|Any CPU
		{4E15BEF3-829D-4F0B-97C2-F2967FB16217}.Release|Any CPU.Build.0 = Release|Any CPU
		{875D2843-175A-4A19-B3E0-70183CFF3119}.Debug|Any CPU.ActiveCfg = Debug|Any CPU
		{875D2843-175A-4A19-B3E0-70183CFF3119}.Debug|Any CPU.Build.0 = Debug|Any CPU
		{875D2843-175A-4A19-B3E0-70183CFF3119}.Release|Any CPU.ActiveCfg = Release|Any CPU
		{875D2843-175A-4A19-B3E0-70183CFF3119}.Release|Any CPU.Build.0 = Release|Any CPU
	EndGlobalSection
	GlobalSection(SolutionProperties) = preSolution
		HideSolutionNode = FALSE
	EndGlobalSection
	GlobalSection(ExtensibilityGlobals) = postSolution
		SolutionGuid = {9211B106-78ED-4E2E-9FD2-98D4AF26C3E5}
	EndGlobalSection
EndGlobal
